// !$*UTF8*$!
{
	archiveVersion = 1;
	classes = {
	};
	objectVersion = 46;
	objects = {

/* Begin PBXBuildFile section */
		2E1B94821C9BBFB5006AA4BC /* arrow.png in Resources */ = {isa = PBXBuildFile; fileRef = 2E1B94801C9BBFB5006AA4BC /* arrow.png */; };
		2E1B94831C9BBFB5006AA4BC /* arrow@2x.png in Resources */ = {isa = PBXBuildFile; fileRef = 2E1B94811C9BBFB5006AA4BC /* arrow@2x.png */; };
		2E1B94851C9BCBE6006AA4BC /* CategTypeViewController.swift in Sources */ = {isa = PBXBuildFile; fileRef = 2E1B94841C9BCBE6006AA4BC /* CategTypeViewController.swift */; };
		2E1F44E61C9A824D00815D4B /* AssetListViewController.swift in Sources */ = {isa = PBXBuildFile; fileRef = 2E1F44E51C9A824D00815D4B /* AssetListViewController.swift */; };
		2E1F44E81C9A878000815D4B /* BackendAPI.swift in Sources */ = {isa = PBXBuildFile; fileRef = 2E1F44E71C9A878000815D4B /* BackendAPI.swift */; };
		2E20A9AE1C9B383B00CE8824 /* CreateAssetViewController.swift in Sources */ = {isa = PBXBuildFile; fileRef = 2E20A9AD1C9B383B00CE8824 /* CreateAssetViewController.swift */; };
		2E5A08FE1C9B806100FEA99E /* MapViewController.swift in Sources */ = {isa = PBXBuildFile; fileRef = 2E5A08FD1C9B806100FEA99E /* MapViewController.swift */; };
		2E5A09001C9B969B00FEA99E /* CoreLocation.framework in Frameworks */ = {isa = PBXBuildFile; fileRef = 2E5A08FF1C9B969B00FEA99E /* CoreLocation.framework */; };
		2E61BC171C9CAF1B0011D664 /* PhotoPicker.swift in Sources */ = {isa = PBXBuildFile; fileRef = 2E61BC161C9CAF1B0011D664 /* PhotoPicker.swift */; };
		2E61BC191C9CCC420011D664 /* VoiceMemoRecorder.swift in Sources */ = {isa = PBXBuildFile; fileRef = 2E61BC181C9CCC420011D664 /* VoiceMemoRecorder.swift */; };
		2E61BC1B1C9CCD2D0011D664 /* AVFoundation.framework in Frameworks */ = {isa = PBXBuildFile; fileRef = 2E61BC1A1C9CCD2D0011D664 /* AVFoundation.framework */; };
		2EC405691C9A9FD50028D3FD /* LazyImageView.swift in Sources */ = {isa = PBXBuildFile; fileRef = 2EC405681C9A9FD50028D3FD /* LazyImageView.swift */; };
		2EFE3E911C99FD2D009CBF6D /* AppDelegate.swift in Sources */ = {isa = PBXBuildFile; fileRef = 2EFE3E901C99FD2D009CBF6D /* AppDelegate.swift */; };
		2EFE3E931C99FD2D009CBF6D /* InitialTabBarController.swift in Sources */ = {isa = PBXBuildFile; fileRef = 2EFE3E921C99FD2D009CBF6D /* InitialTabBarController.swift */; };
		2EFE3E961C99FD2D009CBF6D /* Main.storyboard in Resources */ = {isa = PBXBuildFile; fileRef = 2EFE3E941C99FD2D009CBF6D /* Main.storyboard */; };
		2EFE3E991C99FD2D009CBF6D /* TAMS.xcdatamodeld in Sources */ = {isa = PBXBuildFile; fileRef = 2EFE3E971C99FD2D009CBF6D /* TAMS.xcdatamodeld */; };
		2EFE3E9B1C99FD2D009CBF6D /* Assets.xcassets in Resources */ = {isa = PBXBuildFile; fileRef = 2EFE3E9A1C99FD2D009CBF6D /* Assets.xcassets */; };
		2EFE3E9E1C99FD2D009CBF6D /* LaunchScreen.storyboard in Resources */ = {isa = PBXBuildFile; fileRef = 2EFE3E9C1C99FD2D009CBF6D /* LaunchScreen.storyboard */; };
		2EFE3EBA1C9A011D009CBF6D /* compass-25.png in Resources */ = {isa = PBXBuildFile; fileRef = 2EFE3EB71C9A011D009CBF6D /* compass-25.png */; };
		2EFE3EBC1C9A011D009CBF6D /* compass-25@2x.png in Resources */ = {isa = PBXBuildFile; fileRef = 2EFE3EB91C9A011D009CBF6D /* compass-25@2x.png */; };
		2EFE3EBE1C9A2CFD009CBF6D /* MapKit.framework in Frameworks */ = {isa = PBXBuildFile; fileRef = 2EFE3EBD1C9A2CFD009CBF6D /* MapKit.framework */; };
		2EFE3EC21C9A3BA9009CBF6D /* delete.png in Resources */ = {isa = PBXBuildFile; fileRef = 2EFE3EC01C9A3BA9009CBF6D /* delete.png */; };
		2EFE3EC31C9A3BA9009CBF6D /* delete@2x.png in Resources */ = {isa = PBXBuildFile; fileRef = 2EFE3EC11C9A3BA9009CBF6D /* delete@2x.png */; };
		2EFE3EC61C9A3C67009CBF6D /* play.png in Resources */ = {isa = PBXBuildFile; fileRef = 2EFE3EC41C9A3C67009CBF6D /* play.png */; };
		2EFE3EC71C9A3C67009CBF6D /* play@2x.png in Resources */ = {isa = PBXBuildFile; fileRef = 2EFE3EC51C9A3C67009CBF6D /* play@2x.png */; };
		2EFE3ECA1C9A4443009CBF6D /* pause@2x.png in Resources */ = {isa = PBXBuildFile; fileRef = 2EFE3EC81C9A4443009CBF6D /* pause@2x.png */; };
		2EFE3ECB1C9A4443009CBF6D /* pause.png in Resources */ = {isa = PBXBuildFile; fileRef = 2EFE3EC91C9A4443009CBF6D /* pause.png */; };
		2EFE3ECE1C9A44B5009CBF6D /* stop.png in Resources */ = {isa = PBXBuildFile; fileRef = 2EFE3ECC1C9A44B5009CBF6D /* stop.png */; };
		2EFE3ECF1C9A44B5009CBF6D /* stop@2x.png in Resources */ = {isa = PBXBuildFile; fileRef = 2EFE3ECD1C9A44B5009CBF6D /* stop@2x.png */; };
		2EFE3ED21C9A48DF009CBF6D /* record.png in Resources */ = {isa = PBXBuildFile; fileRef = 2EFE3ED01C9A48DF009CBF6D /* record.png */; };
		2EFE3ED31C9A48DF009CBF6D /* record@2x.png in Resources */ = {isa = PBXBuildFile; fileRef = 2EFE3ED11C9A48DF009CBF6D /* record@2x.png */; };
		2EFE3ED61C9A4911009CBF6D /* camera.png in Resources */ = {isa = PBXBuildFile; fileRef = 2EFE3ED41C9A4911009CBF6D /* camera.png */; };
		2EFE3ED71C9A4911009CBF6D /* camera@2x.png in Resources */ = {isa = PBXBuildFile; fileRef = 2EFE3ED51C9A4911009CBF6D /* camera@2x.png */; };
		2EFE3EDA1C9A496E009CBF6D /* list.png in Resources */ = {isa = PBXBuildFile; fileRef = 2EFE3ED81C9A496D009CBF6D /* list.png */; };
		2EFE3EDB1C9A496E009CBF6D /* list@2x.png in Resources */ = {isa = PBXBuildFile; fileRef = 2EFE3ED91C9A496E009CBF6D /* list@2x.png */; };
		B68E5D7E02A72C1A9610A58A /* Pods_TAMSTests.framework in Frameworks */ = {isa = PBXBuildFile; fileRef = 519EA27E300123C84A9E09D3 /* Pods_TAMSTests.framework */; };
		C61C4596F9F2366427D22C92 /* Pods_TAMS.framework in Frameworks */ = {isa = PBXBuildFile; fileRef = 2F1455B6353EC0A1574AC966 /* Pods_TAMS.framework */; };
/* End PBXBuildFile section */

/* Begin PBXContainerItemProxy section */
		2EFE3EA51C99FD2E009CBF6D /* PBXContainerItemProxy */ = {
			isa = PBXContainerItemProxy;
			containerPortal = 2EFE3E851C99FD2D009CBF6D /* Project object */;
			proxyType = 1;
			remoteGlobalIDString = 2EFE3E8C1C99FD2D009CBF6D;
			remoteInfo = TAMS;
		};
/* End PBXContainerItemProxy section */

/* Begin PBXFileReference section */
		110282D8BCC015A28AD3FC7F /* Pods-TAMSTests.release.xcconfig */ = {isa = PBXFileReference; includeInIndex = 1; lastKnownFileType = text.xcconfig; name = "Pods-TAMSTests.release.xcconfig"; path = "Pods/Target Support Files/Pods-TAMSTests/Pods-TAMSTests.release.xcconfig"; sourceTree = "<group>"; };
		1B488A50EAC07D2BD19B398D /* Pods-TAMSTests.debug.xcconfig */ = {isa = PBXFileReference; includeInIndex = 1; lastKnownFileType = text.xcconfig; name = "Pods-TAMSTests.debug.xcconfig"; path = "Pods/Target Support Files/Pods-TAMSTests/Pods-TAMSTests.debug.xcconfig"; sourceTree = "<group>"; };
		2E1B94801C9BBFB5006AA4BC /* arrow.png */ = {isa = PBXFileReference; lastKnownFileType = image.png; path = arrow.png; sourceTree = "<group>"; };
		2E1B94811C9BBFB5006AA4BC /* arrow@2x.png */ = {isa = PBXFileReference; lastKnownFileType = image.png; path = "arrow@2x.png"; sourceTree = "<group>"; };
		2E1B94841C9BCBE6006AA4BC /* CategTypeViewController.swift */ = {isa = PBXFileReference; fileEncoding = 4; lastKnownFileType = sourcecode.swift; path = CategTypeViewController.swift; sourceTree = "<group>"; };
		2E1F44E51C9A824D00815D4B /* AssetListViewController.swift */ = {isa = PBXFileReference; fileEncoding = 4; lastKnownFileType = sourcecode.swift; path = AssetListViewController.swift; sourceTree = "<group>"; };
		2E1F44E71C9A878000815D4B /* BackendAPI.swift */ = {isa = PBXFileReference; fileEncoding = 4; lastKnownFileType = sourcecode.swift; path = BackendAPI.swift; sourceTree = "<group>"; };
		2E20A9AD1C9B383B00CE8824 /* CreateAssetViewController.swift */ = {isa = PBXFileReference; fileEncoding = 4; lastKnownFileType = sourcecode.swift; path = CreateAssetViewController.swift; sourceTree = "<group>"; };
		2E5A08FD1C9B806100FEA99E /* MapViewController.swift */ = {isa = PBXFileReference; fileEncoding = 4; lastKnownFileType = sourcecode.swift; path = MapViewController.swift; sourceTree = "<group>"; };
		2E5A08FF1C9B969B00FEA99E /* CoreLocation.framework */ = {isa = PBXFileReference; lastKnownFileType = wrapper.framework; name = CoreLocation.framework; path = System/Library/Frameworks/CoreLocation.framework; sourceTree = SDKROOT; };
		2E61BC161C9CAF1B0011D664 /* PhotoPicker.swift */ = {isa = PBXFileReference; fileEncoding = 4; lastKnownFileType = sourcecode.swift; path = PhotoPicker.swift; sourceTree = "<group>"; };
		2E61BC181C9CCC420011D664 /* VoiceMemoRecorder.swift */ = {isa = PBXFileReference; fileEncoding = 4; lastKnownFileType = sourcecode.swift; path = VoiceMemoRecorder.swift; sourceTree = "<group>"; };
		2E61BC1A1C9CCD2D0011D664 /* AVFoundation.framework */ = {isa = PBXFileReference; lastKnownFileType = wrapper.framework; name = AVFoundation.framework; path = System/Library/Frameworks/AVFoundation.framework; sourceTree = SDKROOT; };
		2EC405681C9A9FD50028D3FD /* LazyImageView.swift */ = {isa = PBXFileReference; fileEncoding = 4; lastKnownFileType = sourcecode.swift; path = LazyImageView.swift; sourceTree = "<group>"; };
		2EE317491D84DAE6005CDC0F /* TAMSTests-Bridging-Header.h */ = {isa = PBXFileReference; lastKnownFileType = sourcecode.c.h; path = "TAMSTests-Bridging-Header.h"; sourceTree = "<group>"; };
		2EFE3E8D1C99FD2D009CBF6D /* TAMS.app */ = {isa = PBXFileReference; explicitFileType = wrapper.application; includeInIndex = 0; path = TAMS.app; sourceTree = BUILT_PRODUCTS_DIR; };
		2EFE3E901C99FD2D009CBF6D /* AppDelegate.swift */ = {isa = PBXFileReference; lastKnownFileType = sourcecode.swift; path = AppDelegate.swift; sourceTree = "<group>"; };
		2EFE3E921C99FD2D009CBF6D /* InitialTabBarController.swift */ = {isa = PBXFileReference; lastKnownFileType = sourcecode.swift; path = InitialTabBarController.swift; sourceTree = "<group>"; };
		2EFE3E951C99FD2D009CBF6D /* Base */ = {isa = PBXFileReference; lastKnownFileType = file.storyboard; name = Base; path = Base.lproj/Main.storyboard; sourceTree = "<group>"; };
		2EFE3E981C99FD2D009CBF6D /* TAMS.xcdatamodel */ = {isa = PBXFileReference; lastKnownFileType = wrapper.xcdatamodel; path = TAMS.xcdatamodel; sourceTree = "<group>"; };
		2EFE3E9A1C99FD2D009CBF6D /* Assets.xcassets */ = {isa = PBXFileReference; lastKnownFileType = folder.assetcatalog; path = Assets.xcassets; sourceTree = "<group>"; };
		2EFE3E9D1C99FD2D009CBF6D /* Base */ = {isa = PBXFileReference; lastKnownFileType = file.storyboard; name = Base; path = Base.lproj/LaunchScreen.storyboard; sourceTree = "<group>"; };
		2EFE3E9F1C99FD2D009CBF6D /* Info.plist */ = {isa = PBXFileReference; lastKnownFileType = text.plist.xml; path = Info.plist; sourceTree = "<group>"; };
		2EFE3EA41C99FD2E009CBF6D /* TAMSTests.xctest */ = {isa = PBXFileReference; explicitFileType = wrapper.cfbundle; includeInIndex = 0; path = TAMSTests.xctest; sourceTree = BUILT_PRODUCTS_DIR; };
		2EFE3EAA1C99FD2E009CBF6D /* Info.plist */ = {isa = PBXFileReference; lastKnownFileType = text.plist.xml; path = Info.plist; sourceTree = "<group>"; };
		2EFE3EB71C9A011D009CBF6D /* compass-25.png */ = {isa = PBXFileReference; lastKnownFileType = image.png; path = "compass-25.png"; sourceTree = "<group>"; };
		2EFE3EB91C9A011D009CBF6D /* compass-25@2x.png */ = {isa = PBXFileReference; lastKnownFileType = image.png; path = "compass-25@2x.png"; sourceTree = "<group>"; };
		2EFE3EBD1C9A2CFD009CBF6D /* MapKit.framework */ = {isa = PBXFileReference; lastKnownFileType = wrapper.framework; name = MapKit.framework; path = System/Library/Frameworks/MapKit.framework; sourceTree = SDKROOT; };
		2EFE3EC01C9A3BA9009CBF6D /* delete.png */ = {isa = PBXFileReference; lastKnownFileType = image.png; path = delete.png; sourceTree = "<group>"; };
		2EFE3EC11C9A3BA9009CBF6D /* delete@2x.png */ = {isa = PBXFileReference; lastKnownFileType = image.png; path = "delete@2x.png"; sourceTree = "<group>"; };
		2EFE3EC41C9A3C67009CBF6D /* play.png */ = {isa = PBXFileReference; lastKnownFileType = image.png; path = play.png; sourceTree = "<group>"; };
		2EFE3EC51C9A3C67009CBF6D /* play@2x.png */ = {isa = PBXFileReference; lastKnownFileType = image.png; path = "play@2x.png"; sourceTree = "<group>"; };
		2EFE3EC81C9A4443009CBF6D /* pause@2x.png */ = {isa = PBXFileReference; lastKnownFileType = image.png; path = "pause@2x.png"; sourceTree = "<group>"; };
		2EFE3EC91C9A4443009CBF6D /* pause.png */ = {isa = PBXFileReference; lastKnownFileType = image.png; path = pause.png; sourceTree = "<group>"; };
		2EFE3ECC1C9A44B5009CBF6D /* stop.png */ = {isa = PBXFileReference; lastKnownFileType = image.png; path = stop.png; sourceTree = "<group>"; };
		2EFE3ECD1C9A44B5009CBF6D /* stop@2x.png */ = {isa = PBXFileReference; lastKnownFileType = image.png; path = "stop@2x.png"; sourceTree = "<group>"; };
		2EFE3ED01C9A48DF009CBF6D /* record.png */ = {isa = PBXFileReference; lastKnownFileType = image.png; path = record.png; sourceTree = "<group>"; };
		2EFE3ED11C9A48DF009CBF6D /* record@2x.png */ = {isa = PBXFileReference; lastKnownFileType = image.png; path = "record@2x.png"; sourceTree = "<group>"; };
		2EFE3ED41C9A4911009CBF6D /* camera.png */ = {isa = PBXFileReference; lastKnownFileType = image.png; path = camera.png; sourceTree = "<group>"; };
		2EFE3ED51C9A4911009CBF6D /* camera@2x.png */ = {isa = PBXFileReference; lastKnownFileType = image.png; path = "camera@2x.png"; sourceTree = "<group>"; };
		2EFE3ED81C9A496D009CBF6D /* list.png */ = {isa = PBXFileReference; lastKnownFileType = image.png; path = list.png; sourceTree = "<group>"; };
		2EFE3ED91C9A496E009CBF6D /* list@2x.png */ = {isa = PBXFileReference; lastKnownFileType = image.png; path = "list@2x.png"; sourceTree = "<group>"; };
		2F1455B6353EC0A1574AC966 /* Pods_TAMS.framework */ = {isa = PBXFileReference; explicitFileType = wrapper.framework; includeInIndex = 0; path = Pods_TAMS.framework; sourceTree = BUILT_PRODUCTS_DIR; };
		519EA27E300123C84A9E09D3 /* Pods_TAMSTests.framework */ = {isa = PBXFileReference; explicitFileType = wrapper.framework; includeInIndex = 0; path = Pods_TAMSTests.framework; sourceTree = BUILT_PRODUCTS_DIR; };
		96E96A5143DE296124372B90 /* Pods-TAMS.debug.xcconfig */ = {isa = PBXFileReference; includeInIndex = 1; lastKnownFileType = text.xcconfig; name = "Pods-TAMS.debug.xcconfig"; path = "Pods/Target Support Files/Pods-TAMS/Pods-TAMS.debug.xcconfig"; sourceTree = "<group>"; };
		9E63849E406A31BD9B0BC01A /* Pods-TAMS.release.xcconfig */ = {isa = PBXFileReference; includeInIndex = 1; lastKnownFileType = text.xcconfig; name = "Pods-TAMS.release.xcconfig"; path = "Pods/Target Support Files/Pods-TAMS/Pods-TAMS.release.xcconfig"; sourceTree = "<group>"; };
/* End PBXFileReference section */

/* Begin PBXFrameworksBuildPhase section */
		2EFE3E8A1C99FD2D009CBF6D /* Frameworks */ = {
			isa = PBXFrameworksBuildPhase;
			buildActionMask = 2147483647;
			files = (
				2E61BC1B1C9CCD2D0011D664 /* AVFoundation.framework in Frameworks */,
				2E5A09001C9B969B00FEA99E /* CoreLocation.framework in Frameworks */,
				2EFE3EBE1C9A2CFD009CBF6D /* MapKit.framework in Frameworks */,
				C61C4596F9F2366427D22C92 /* Pods_TAMS.framework in Frameworks */,
			);
			runOnlyForDeploymentPostprocessing = 0;
		};
		2EFE3EA11C99FD2E009CBF6D /* Frameworks */ = {
			isa = PBXFrameworksBuildPhase;
			buildActionMask = 2147483647;
			files = (
				B68E5D7E02A72C1A9610A58A /* Pods_TAMSTests.framework in Frameworks */,
			);
			runOnlyForDeploymentPostprocessing = 0;
		};
/* End PBXFrameworksBuildPhase section */

/* Begin PBXGroup section */
		1C273694C7F080B85A16927B /* Frameworks */ = {
			isa = PBXGroup;
			children = (
				2E61BC1A1C9CCD2D0011D664 /* AVFoundation.framework */,
				2E5A08FF1C9B969B00FEA99E /* CoreLocation.framework */,
				2F1455B6353EC0A1574AC966 /* Pods_TAMS.framework */,
				519EA27E300123C84A9E09D3 /* Pods_TAMSTests.framework */,
			);
			name = Frameworks;
			sourceTree = "<group>";
		};
		2183467F72AF03AA82043B43 /* Pods */ = {
			isa = PBXGroup;
			children = (
				96E96A5143DE296124372B90 /* Pods-TAMS.debug.xcconfig */,
				9E63849E406A31BD9B0BC01A /* Pods-TAMS.release.xcconfig */,
				1B488A50EAC07D2BD19B398D /* Pods-TAMSTests.debug.xcconfig */,
				110282D8BCC015A28AD3FC7F /* Pods-TAMSTests.release.xcconfig */,
			);
			name = Pods;
			sourceTree = "<group>";
		};
		2EC4056A1C9AA30D0028D3FD /* ui elements */ = {
			isa = PBXGroup;
			children = (
				2EC405681C9A9FD50028D3FD /* LazyImageView.swift */,
			);
			name = "ui elements";
			sourceTree = "<group>";
		};
		2EC4056B1C9AA3240028D3FD /* Supporting Files */ = {
			isa = PBXGroup;
			children = (
				2EFE3E9A1C99FD2D009CBF6D /* Assets.xcassets */,
				2EFE3E9C1C99FD2D009CBF6D /* LaunchScreen.storyboard */,
				2EFE3E9F1C99FD2D009CBF6D /* Info.plist */,
			);
			name = "Supporting Files";
			sourceTree = "<group>";
		};
		2EC4056C1C9AA35B0028D3FD /* database */ = {
			isa = PBXGroup;
			children = (
				2EFE3E971C99FD2D009CBF6D /* TAMS.xcdatamodeld */,
			);
			name = database;
			sourceTree = "<group>";
		};
		2EFE3E841C99FD2D009CBF6D = {
			isa = PBXGroup;
			children = (
				2EFE3EBD1C9A2CFD009CBF6D /* MapKit.framework */,
				2EFE3E8F1C99FD2D009CBF6D /* TAMS */,
				2EFE3EA71C99FD2E009CBF6D /* TAMSTests */,
				2EFE3E8E1C99FD2D009CBF6D /* Products */,
				1C273694C7F080B85A16927B /* Frameworks */,
				2183467F72AF03AA82043B43 /* Pods */,
			);
			sourceTree = "<group>";
		};
		2EFE3E8E1C99FD2D009CBF6D /* Products */ = {
			isa = PBXGroup;
			children = (
				2EFE3E8D1C99FD2D009CBF6D /* TAMS.app */,
				2EFE3EA41C99FD2E009CBF6D /* TAMSTests.xctest */,
			);
			name = Products;
			sourceTree = "<group>";
		};
		2EFE3E8F1C99FD2D009CBF6D /* TAMS */ = {
			isa = PBXGroup;
			children = (
				2EFE3EBF1C9A2DD0009CBF6D /* images */,
				2EC4056C1C9AA35B0028D3FD /* database */,
				2EC4056A1C9AA30D0028D3FD /* ui elements */,
				2EFE3E941C99FD2D009CBF6D /* Main.storyboard */,
				2E1B94841C9BCBE6006AA4BC /* CategTypeViewController.swift */,
				2E20A9AD1C9B383B00CE8824 /* CreateAssetViewController.swift */,
				2E61BC181C9CCC420011D664 /* VoiceMemoRecorder.swift */,
				2E61BC161C9CAF1B0011D664 /* PhotoPicker.swift */,
				2EFE3E901C99FD2D009CBF6D /* AppDelegate.swift */,
				2E1F44E51C9A824D00815D4B /* AssetListViewController.swift */,
				2E1F44E71C9A878000815D4B /* BackendAPI.swift */,
				2EFE3E921C99FD2D009CBF6D /* InitialTabBarController.swift */,
				2E5A08FD1C9B806100FEA99E /* MapViewController.swift */,
				2EC4056B1C9AA3240028D3FD /* Supporting Files */,
			);
			path = TAMS;
			sourceTree = "<group>";
		};
		2EFE3EA71C99FD2E009CBF6D /* TAMSTests */ = {
			isa = PBXGroup;
			children = (
				2EFE3EAA1C99FD2E009CBF6D /* Info.plist */,
				2EE317491D84DAE6005CDC0F /* TAMSTests-Bridging-Header.h */,
			);
			path = TAMSTests;
			sourceTree = "<group>";
		};
		2EFE3EBF1C9A2DD0009CBF6D /* images */ = {
			isa = PBXGroup;
			children = (
				2E1B94801C9BBFB5006AA4BC /* arrow.png */,
				2E1B94811C9BBFB5006AA4BC /* arrow@2x.png */,
				2EFE3ED41C9A4911009CBF6D /* camera.png */,
				2EFE3ED51C9A4911009CBF6D /* camera@2x.png */,
				2EFE3EB71C9A011D009CBF6D /* compass-25.png */,
				2EFE3EB91C9A011D009CBF6D /* compass-25@2x.png */,
				2EFE3EC01C9A3BA9009CBF6D /* delete.png */,
				2EFE3EC11C9A3BA9009CBF6D /* delete@2x.png */,
				2EFE3ED81C9A496D009CBF6D /* list.png */,
				2EFE3ED91C9A496E009CBF6D /* list@2x.png */,
				2EFE3EC91C9A4443009CBF6D /* pause.png */,
				2EFE3EC81C9A4443009CBF6D /* pause@2x.png */,
				2EFE3EC41C9A3C67009CBF6D /* play.png */,
				2EFE3EC51C9A3C67009CBF6D /* play@2x.png */,
				2EFE3ED01C9A48DF009CBF6D /* record.png */,
				2EFE3ED11C9A48DF009CBF6D /* record@2x.png */,
				2EFE3ECC1C9A44B5009CBF6D /* stop.png */,
				2EFE3ECD1C9A44B5009CBF6D /* stop@2x.png */,
			);
			name = images;
			sourceTree = "<group>";
		};
/* End PBXGroup section */

/* Begin PBXNativeTarget section */
		2EFE3E8C1C99FD2D009CBF6D /* TAMS */ = {
			isa = PBXNativeTarget;
			buildConfigurationList = 2EFE3EAD1C99FD2E009CBF6D /* Build configuration list for PBXNativeTarget "TAMS" */;
			buildPhases = (
				64D3175AC13C1D733A4A4D3D /* [CP] Check Pods Manifest.lock */,
				2EFE3E891C99FD2D009CBF6D /* Sources */,
				2EFE3E8A1C99FD2D009CBF6D /* Frameworks */,
				2EFE3E8B1C99FD2D009CBF6D /* Resources */,
				1146F74A73BF090AF9A1E386 /* [CP] Embed Pods Frameworks */,
				E996CB75FED039CCE46DC63E /* [CP] Copy Pods Resources */,
			);
			buildRules = (
			);
			dependencies = (
			);
			name = TAMS;
			productName = TAMS;
			productReference = 2EFE3E8D1C99FD2D009CBF6D /* TAMS.app */;
			productType = "com.apple.product-type.application";
		};
		2EFE3EA31C99FD2E009CBF6D /* TAMSTests */ = {
			isa = PBXNativeTarget;
			buildConfigurationList = 2EFE3EB01C99FD2E009CBF6D /* Build configuration list for PBXNativeTarget "TAMSTests" */;
			buildPhases = (
				AEE0B6CCAE7312B29CE01F85 /* [CP] Check Pods Manifest.lock */,
				2EFE3EA01C99FD2E009CBF6D /* Sources */,
				2EFE3EA11C99FD2E009CBF6D /* Frameworks */,
				2EFE3EA21C99FD2E009CBF6D /* Resources */,
				08F6ABFC732336D3E7CDCFE3 /* [CP] Embed Pods Frameworks */,
				94EE622607F9A9460FEFA44F /* [CP] Copy Pods Resources */,
			);
			buildRules = (
			);
			dependencies = (
				2EFE3EA61C99FD2E009CBF6D /* PBXTargetDependency */,
			);
			name = TAMSTests;
			productName = TAMSTests;
			productReference = 2EFE3EA41C99FD2E009CBF6D /* TAMSTests.xctest */;
			productType = "com.apple.product-type.bundle.unit-test";
		};
/* End PBXNativeTarget section */

/* Begin PBXProject section */
		2EFE3E851C99FD2D009CBF6D /* Project object */ = {
			isa = PBXProject;
			attributes = {
				LastSwiftUpdateCheck = 0720;
				LastUpgradeCheck = 0720;
				ORGANIZATIONNAME = "Daniel Jackson";
				TargetAttributes = {
					2EFE3E8C1C99FD2D009CBF6D = {
						CreatedOnToolsVersion = 7.2.1;
						DevelopmentTeam = YQ4YNUGL8Z;
						LastSwiftMigration = 0800;
					};
					2EFE3EA31C99FD2E009CBF6D = {
						CreatedOnToolsVersion = 7.2.1;
						LastSwiftMigration = 0800;
						TestTargetID = 2EFE3E8C1C99FD2D009CBF6D;
					};
				};
			};
			buildConfigurationList = 2EFE3E881C99FD2D009CBF6D /* Build configuration list for PBXProject "TAMS" */;
			compatibilityVersion = "Xcode 3.2";
			developmentRegion = English;
			hasScannedForEncodings = 0;
			knownRegions = (
				en,
				Base,
			);
			mainGroup = 2EFE3E841C99FD2D009CBF6D;
			productRefGroup = 2EFE3E8E1C99FD2D009CBF6D /* Products */;
			projectDirPath = "";
			projectRoot = "";
			targets = (
				2EFE3E8C1C99FD2D009CBF6D /* TAMS */,
				2EFE3EA31C99FD2E009CBF6D /* TAMSTests */,
			);
		};
/* End PBXProject section */

/* Begin PBXResourcesBuildPhase section */
		2EFE3E8B1C99FD2D009CBF6D /* Resources */ = {
			isa = PBXResourcesBuildPhase;
			buildActionMask = 2147483647;
			files = (
				2EFE3EC21C9A3BA9009CBF6D /* delete.png in Resources */,
				2EFE3EC61C9A3C67009CBF6D /* play.png in Resources */,
				2EFE3ED21C9A48DF009CBF6D /* record.png in Resources */,
				2E1B94821C9BBFB5006AA4BC /* arrow.png in Resources */,
				2EFE3EC71C9A3C67009CBF6D /* play@2x.png in Resources */,
				2EFE3E9E1C99FD2D009CBF6D /* LaunchScreen.storyboard in Resources */,
				2EFE3ECB1C9A4443009CBF6D /* pause.png in Resources */,
				2EFE3ED61C9A4911009CBF6D /* camera.png in Resources */,
				2EFE3ECE1C9A44B5009CBF6D /* stop.png in Resources */,
				2EFE3ED71C9A4911009CBF6D /* camera@2x.png in Resources */,
				2EFE3E9B1C99FD2D009CBF6D /* Assets.xcassets in Resources */,
				2EFE3E961C99FD2D009CBF6D /* Main.storyboard in Resources */,
				2EFE3EDA1C9A496E009CBF6D /* list.png in Resources */,
				2EFE3EC31C9A3BA9009CBF6D /* delete@2x.png in Resources */,
				2EFE3ED31C9A48DF009CBF6D /* record@2x.png in Resources */,
				2EFE3ECF1C9A44B5009CBF6D /* stop@2x.png in Resources */,
				2EFE3ECA1C9A4443009CBF6D /* pause@2x.png in Resources */,
				2E1B94831C9BBFB5006AA4BC /* arrow@2x.png in Resources */,
				2EFE3EDB1C9A496E009CBF6D /* list@2x.png in Resources */,
				2EFE3EBA1C9A011D009CBF6D /* compass-25.png in Resources */,
				2EFE3EBC1C9A011D009CBF6D /* compass-25@2x.png in Resources */,
			);
			runOnlyForDeploymentPostprocessing = 0;
		};
		2EFE3EA21C99FD2E009CBF6D /* Resources */ = {
			isa = PBXResourcesBuildPhase;
			buildActionMask = 2147483647;
			files = (
			);
			runOnlyForDeploymentPostprocessing = 0;
		};
/* End PBXResourcesBuildPhase section */

/* Begin PBXShellScriptBuildPhase section */
		08F6ABFC732336D3E7CDCFE3 /* [CP] Embed Pods Frameworks */ = {
			isa = PBXShellScriptBuildPhase;
			buildActionMask = 2147483647;
			files = (
			);
			inputPaths = (
			);
			name = "[CP] Embed Pods Frameworks";
			outputPaths = (
			);
			runOnlyForDeploymentPostprocessing = 0;
			shellPath = /bin/sh;
			shellScript = "\"${SRCROOT}/Pods/Target Support Files/Pods-TAMSTests/Pods-TAMSTests-frameworks.sh\"\n";
			showEnvVarsInLog = 0;
		};
		1146F74A73BF090AF9A1E386 /* [CP] Embed Pods Frameworks */ = {
			isa = PBXShellScriptBuildPhase;
			buildActionMask = 2147483647;
			files = (
			);
			inputPaths = (
			);
			name = "[CP] Embed Pods Frameworks";
			outputPaths = (
			);
			runOnlyForDeploymentPostprocessing = 0;
			shellPath = /bin/sh;
			shellScript = "\"${SRCROOT}/Pods/Target Support Files/Pods-TAMS/Pods-TAMS-frameworks.sh\"\n";
			showEnvVarsInLog = 0;
		};
		64D3175AC13C1D733A4A4D3D /* [CP] Check Pods Manifest.lock */ = {
			isa = PBXShellScriptBuildPhase;
			buildActionMask = 2147483647;
			files = (
			);
			inputPaths = (
			);
			name = "[CP] Check Pods Manifest.lock";
			outputPaths = (
			);
			runOnlyForDeploymentPostprocessing = 0;
			shellPath = /bin/sh;
			shellScript = "diff \"${PODS_ROOT}/../Podfile.lock\" \"${PODS_ROOT}/Manifest.lock\" > /dev/null\nif [ $? != 0 ] ; then\n    # print error to STDERR\n    echo \"error: The sandbox is not in sync with the Podfile.lock. Run 'pod install' or update your CocoaPods installation.\" >&2\n    exit 1\nfi\n";
			showEnvVarsInLog = 0;
		};
		94EE622607F9A9460FEFA44F /* [CP] Copy Pods Resources */ = {
			isa = PBXShellScriptBuildPhase;
			buildActionMask = 2147483647;
			files = (
			);
			inputPaths = (
			);
			name = "[CP] Copy Pods Resources";
			outputPaths = (
			);
			runOnlyForDeploymentPostprocessing = 0;
			shellPath = /bin/sh;
			shellScript = "\"${SRCROOT}/Pods/Target Support Files/Pods-TAMSTests/Pods-TAMSTests-resources.sh\"\n";
			showEnvVarsInLog = 0;
		};
		AEE0B6CCAE7312B29CE01F85 /* [CP] Check Pods Manifest.lock */ = {
			isa = PBXShellScriptBuildPhase;
			buildActionMask = 2147483647;
			files = (
			);
			inputPaths = (
			);
			name = "[CP] Check Pods Manifest.lock";
			outputPaths = (
			);
			runOnlyForDeploymentPostprocessing = 0;
			shellPath = /bin/sh;
			shellScript = "diff \"${PODS_ROOT}/../Podfile.lock\" \"${PODS_ROOT}/Manifest.lock\" > /dev/null\nif [ $? != 0 ] ; then\n    # print error to STDERR\n    echo \"error: The sandbox is not in sync with the Podfile.lock. Run 'pod install' or update your CocoaPods installation.\" >&2\n    exit 1\nfi\n";
			showEnvVarsInLog = 0;
		};
		E996CB75FED039CCE46DC63E /* [CP] Copy Pods Resources */ = {
			isa = PBXShellScriptBuildPhase;
			buildActionMask = 2147483647;
			files = (
			);
			inputPaths = (
			);
			name = "[CP] Copy Pods Resources";
			outputPaths = (
			);
			runOnlyForDeploymentPostprocessing = 0;
			shellPath = /bin/sh;
			shellScript = "\"${SRCROOT}/Pods/Target Support Files/Pods-TAMS/Pods-TAMS-resources.sh\"\n";
			showEnvVarsInLog = 0;
		};
/* End PBXShellScriptBuildPhase section */

/* Begin PBXSourcesBuildPhase section */
		2EFE3E891C99FD2D009CBF6D /* Sources */ = {
			isa = PBXSourcesBuildPhase;
			buildActionMask = 2147483647;
			files = (
				2EC405691C9A9FD50028D3FD /* LazyImageView.swift in Sources */,
				2E1B94851C9BCBE6006AA4BC /* CategTypeViewController.swift in Sources */,
				2E1F44E81C9A878000815D4B /* BackendAPI.swift in Sources */,
				2EFE3E931C99FD2D009CBF6D /* InitialTabBarController.swift in Sources */,
				2EFE3E911C99FD2D009CBF6D /* AppDelegate.swift in Sources */,
				2EFE3E991C99FD2D009CBF6D /* TAMS.xcdatamodeld in Sources */,
				2E61BC191C9CCC420011D664 /* VoiceMemoRecorder.swift in Sources */,
				2E1F44E61C9A824D00815D4B /* AssetListViewController.swift in Sources */,
				2E20A9AE1C9B383B00CE8824 /* CreateAssetViewController.swift in Sources */,
				2E61BC171C9CAF1B0011D664 /* PhotoPicker.swift in Sources */,
				2E5A08FE1C9B806100FEA99E /* MapViewController.swift in Sources */,
			);
			runOnlyForDeploymentPostprocessing = 0;
		};
		2EFE3EA01C99FD2E009CBF6D /* Sources */ = {
			isa = PBXSourcesBuildPhase;
			buildActionMask = 2147483647;
			files = (
			);
			runOnlyForDeploymentPostprocessing = 0;
		};
/* End PBXSourcesBuildPhase section */

/* Begin PBXTargetDependency section */
		2EFE3EA61C99FD2E009CBF6D /* PBXTargetDependency */ = {
			isa = PBXTargetDependency;
			target = 2EFE3E8C1C99FD2D009CBF6D /* TAMS */;
			targetProxy = 2EFE3EA51C99FD2E009CBF6D /* PBXContainerItemProxy */;
		};
/* End PBXTargetDependency section */

/* Begin PBXVariantGroup section */
		2EFE3E941C99FD2D009CBF6D /* Main.storyboard */ = {
			isa = PBXVariantGroup;
			children = (
				2EFE3E951C99FD2D009CBF6D /* Base */,
			);
			name = Main.storyboard;
			sourceTree = "<group>";
		};
		2EFE3E9C1C99FD2D009CBF6D /* LaunchScreen.storyboard */ = {
			isa = PBXVariantGroup;
			children = (
				2EFE3E9D1C99FD2D009CBF6D /* Base */,
			);
			name = LaunchScreen.storyboard;
			sourceTree = "<group>";
		};
/* End PBXVariantGroup section */

/* Begin XCBuildConfiguration section */
		2EFE3EAB1C99FD2E009CBF6D /* Debug */ = {
			isa = XCBuildConfiguration;
			buildSettings = {
				ALWAYS_SEARCH_USER_PATHS = NO;
				CLANG_CXX_LANGUAGE_STANDARD = "gnu++0x";
				CLANG_CXX_LIBRARY = "libc++";
				CLANG_ENABLE_MODULES = YES;
				CLANG_ENABLE_OBJC_ARC = YES;
				CLANG_WARN_BOOL_CONVERSION = YES;
				CLANG_WARN_CONSTANT_CONVERSION = YES;
				CLANG_WARN_DIRECT_OBJC_ISA_USAGE = YES_ERROR;
				CLANG_WARN_EMPTY_BODY = YES;
				CLANG_WARN_ENUM_CONVERSION = YES;
				CLANG_WARN_INT_CONVERSION = YES;
				CLANG_WARN_OBJC_ROOT_CLASS = YES_ERROR;
				CLANG_WARN_UNREACHABLE_CODE = YES;
				CLANG_WARN__DUPLICATE_METHOD_MATCH = YES;
				"CODE_SIGN_IDENTITY[sdk=iphoneos*]" = "iPhone Developer";
				COPY_PHASE_STRIP = NO;
				DEBUG_INFORMATION_FORMAT = dwarf;
				ENABLE_STRICT_OBJC_MSGSEND = YES;
				ENABLE_TESTABILITY = YES;
				GCC_C_LANGUAGE_STANDARD = gnu99;
				GCC_DYNAMIC_NO_PIC = NO;
				GCC_NO_COMMON_BLOCKS = YES;
				GCC_OPTIMIZATION_LEVEL = 0;
				GCC_PREPROCESSOR_DEFINITIONS = (
					"DEBUG=1",
					"$(inherited)",
				);
				GCC_WARN_64_TO_32_BIT_CONVERSION = YES;
				GCC_WARN_ABOUT_RETURN_TYPE = YES_ERROR;
				GCC_WARN_UNDECLARED_SELECTOR = YES;
				GCC_WARN_UNINITIALIZED_AUTOS = YES_AGGRESSIVE;
				GCC_WARN_UNUSED_FUNCTION = YES;
				GCC_WARN_UNUSED_VARIABLE = YES;
				IPHONEOS_DEPLOYMENT_TARGET = 9.2;
				MTL_ENABLE_DEBUG_INFO = YES;
				ONLY_ACTIVE_ARCH = YES;
				SDKROOT = iphoneos;
				SWIFT_OPTIMIZATION_LEVEL = "-Onone";
			};
			name = Debug;
		};
		2EFE3EAC1C99FD2E009CBF6D /* Release */ = {
			isa = XCBuildConfiguration;
			buildSettings = {
				ALWAYS_SEARCH_USER_PATHS = NO;
				CLANG_CXX_LANGUAGE_STANDARD = "gnu++0x";
				CLANG_CXX_LIBRARY = "libc++";
				CLANG_ENABLE_MODULES = YES;
				CLANG_ENABLE_OBJC_ARC = YES;
				CLANG_WARN_BOOL_CONVERSION = YES;
				CLANG_WARN_CONSTANT_CONVERSION = YES;
				CLANG_WARN_DIRECT_OBJC_ISA_USAGE = YES_ERROR;
				CLANG_WARN_EMPTY_BODY = YES;
				CLANG_WARN_ENUM_CONVERSION = YES;
				CLANG_WARN_INT_CONVERSION = YES;
				CLANG_WARN_OBJC_ROOT_CLASS = YES_ERROR;
				CLANG_WARN_UNREACHABLE_CODE = YES;
				CLANG_WARN__DUPLICATE_METHOD_MATCH = YES;
				"CODE_SIGN_IDENTITY[sdk=iphoneos*]" = "iPhone Developer";
				COPY_PHASE_STRIP = NO;
				DEBUG_INFORMATION_FORMAT = "dwarf-with-dsym";
				ENABLE_NS_ASSERTIONS = NO;
				ENABLE_STRICT_OBJC_MSGSEND = YES;
				GCC_C_LANGUAGE_STANDARD = gnu99;
				GCC_NO_COMMON_BLOCKS = YES;
				GCC_WARN_64_TO_32_BIT_CONVERSION = YES;
				GCC_WARN_ABOUT_RETURN_TYPE = YES_ERROR;
				GCC_WARN_UNDECLARED_SELECTOR = YES;
				GCC_WARN_UNINITIALIZED_AUTOS = YES_AGGRESSIVE;
				GCC_WARN_UNUSED_FUNCTION = YES;
				GCC_WARN_UNUSED_VARIABLE = YES;
				IPHONEOS_DEPLOYMENT_TARGET = 9.2;
				MTL_ENABLE_DEBUG_INFO = NO;
				SDKROOT = iphoneos;
				VALIDATE_PRODUCT = YES;
			};
			name = Release;
		};
		2EFE3EAE1C99FD2E009CBF6D /* Debug */ = {
			isa = XCBuildConfiguration;
			baseConfigurationReference = 96E96A5143DE296124372B90 /* Pods-TAMS.debug.xcconfig */;
			buildSettings = {
				ASSETCATALOG_COMPILER_APPICON_NAME = AppIcon;
				CODE_SIGN_IDENTITY = "iPhone Developer";
				"CODE_SIGN_IDENTITY[sdk=iphoneos*]" = "iPhone Developer";
				INFOPLIST_FILE = TAMS/Info.plist;
				IPHONEOS_DEPLOYMENT_TARGET = 9.0;
				LD_RUNPATH_SEARCH_PATHS = "$(inherited) @executable_path/Frameworks";
				PRODUCT_BUNDLE_IDENTIFIER = com.danieljackson.TAMS;
				PRODUCT_NAME = "$(TARGET_NAME)";
				PROVISIONING_PROFILE = "";
				SWIFT_VERSION = 3.0;
			};
			name = Debug;
		};
		2EFE3EAF1C99FD2E009CBF6D /* Release */ = {
			isa = XCBuildConfiguration;
			baseConfigurationReference = 9E63849E406A31BD9B0BC01A /* Pods-TAMS.release.xcconfig */;
			buildSettings = {
				ASSETCATALOG_COMPILER_APPICON_NAME = AppIcon;
				CODE_SIGN_IDENTITY = "iPhone Developer";
				"CODE_SIGN_IDENTITY[sdk=iphoneos*]" = "iPhone Developer";
				INFOPLIST_FILE = TAMS/Info.plist;
				IPHONEOS_DEPLOYMENT_TARGET = 9.0;
				LD_RUNPATH_SEARCH_PATHS = "$(inherited) @executable_path/Frameworks";
				PRODUCT_BUNDLE_IDENTIFIER = com.danieljackson.TAMS;
				PRODUCT_NAME = "$(TARGET_NAME)";
				PROVISIONING_PROFILE = "";
				SWIFT_VERSION = 3.0;
			};
			name = Release;
		};
		2EFE3EB11C99FD2E009CBF6D /* Debug */ = {
			isa = XCBuildConfiguration;
			baseConfigurationReference = 1B488A50EAC07D2BD19B398D /* Pods-TAMSTests.debug.xcconfig */;
			buildSettings = {
				BUNDLE_LOADER = "$(TEST_HOST)";
				CLANG_ENABLE_MODULES = YES;
				INFOPLIST_FILE = TAMSTests/Info.plist;
				LD_RUNPATH_SEARCH_PATHS = "$(inherited) @executable_path/Frameworks @loader_path/Frameworks";
				PRODUCT_BUNDLE_IDENTIFIER = com.danieljackson.TAMSTests;
				PRODUCT_NAME = "$(TARGET_NAME)";
				SWIFT_OBJC_BRIDGING_HEADER = "TAMSTests/TAMSTests-Bridging-Header.h";
				SWIFT_OPTIMIZATION_LEVEL = "-Onone";
				SWIFT_VERSION = 3.0;
				TEST_HOST = "$(BUILT_PRODUCTS_DIR)/TAMS.app/TAMS";
			};
			name = Debug;
		};
		2EFE3EB21C99FD2E009CBF6D /* Release */ = {
			isa = XCBuildConfiguration;
			baseConfigurationReference = 110282D8BCC015A28AD3FC7F /* Pods-TAMSTests.release.xcconfig */;
			buildSettings = {
				BUNDLE_LOADER = "$(TEST_HOST)";
				CLANG_ENABLE_MODULES = YES;
				INFOPLIST_FILE = TAMSTests/Info.plist;
				LD_RUNPATH_SEARCH_PATHS = "$(inherited) @executable_path/Frameworks @loader_path/Frameworks";
				PRODUCT_BUNDLE_IDENTIFIER = com.danieljackson.TAMSTests;
				PRODUCT_NAME = "$(TARGET_NAME)";
				SWIFT_OBJC_BRIDGING_HEADER = "TAMSTests/TAMSTests-Bridging-Header.h";
				SWIFT_VERSION = 3.0;
				TEST_HOST = "$(BUILT_PRODUCTS_DIR)/TAMS.app/TAMS";
			};
			name = Release;
		};
/* End XCBuildConfiguration section */

/* Begin XCConfigurationList section */
		2EFE3E881C99FD2D009CBF6D /* Build configuration list for PBXProject "TAMS" */ = {
			isa = XCConfigurationList;
			buildConfigurations = (
				2EFE3EAB1C99FD2E009CBF6D /* Debug */,
				2EFE3EAC1C99FD2E009CBF6D /* Release */,
			);
			defaultConfigurationIsVisible = 0;
			defaultConfigurationName = Release;
		};
		2EFE3EAD1C99FD2E009CBF6D /* Build configuration list for PBXNativeTarget "TAMS" */ = {
			isa = XCConfigurationList;
			buildConfigurations = (
				2EFE3EAE1C99FD2E009CBF6D /* Debug */,
				2EFE3EAF1C99FD2E009CBF6D /* Release */,
			);
			defaultConfigurationIsVisible = 0;
			defaultConfigurationName = Release;
		};
		2EFE3EB01C99FD2E009CBF6D /* Build configuration list for PBXNativeTarget "TAMSTests" */ = {
			isa = XCConfigurationList;
			buildConfigurations = (
				2EFE3EB11C99FD2E009CBF6D /* Debug */,
				2EFE3EB21C99FD2E009CBF6D /* Release */,
			);
			defaultConfigurationIsVisible = 0;
			defaultConfigurationName = Release;
		};
/* End XCConfigurationList section */

/* Begin XCVersionGroup section */
		2EFE3E971C99FD2D009CBF6D /* TAMS.xcdatamodeld */ = {
			isa = XCVersionGroup;
			children = (
				2EFE3E981C99FD2D009CBF6D /* TAMS.xcdatamodel */,
			);
			currentVersion = 2EFE3E981C99FD2D009CBF6D /* TAMS.xcdatamodel */;
			path = TAMS.xcdatamodeld;
			sourceTree = "<group>";
			versionGroupType = wrapper.xcdatamodel;
		};
/* End XCVersionGroup section */
	};
	rootObject = 2EFE3E851C99FD2D009CBF6D /* Project object */;
}
